
Microsoft Visual Studio Solution File, Format Version 12.00
# Visual Studio Version 17
VisualStudioVersion = 17.2.32630.192
MinimumVisualStudioVersion = 10.0.40219.1
Project("{FAE04EC0-301F-11D3-BF4B-00C04F79EFBC}") = "Allergies", "Allergies\Allergies.csproj", "{19EC16BA-0C03-4A3A-BEBE-5A451F1BC91C}"
EndProject
Global
	GlobalSection(SolutionConfigurationPlatforms) = preSolution
		Debug|Any CPU = Debug|Any CPU
		Release|Any CPU = Release|Any CPU
	EndGlobalSection
	GlobalSection(ProjectConfigurationPlatforms) = postSolution
		{19EC16BA-0C03-4A3A-BEBE-5A451F1BC91C}.Debug|Any CPU.ActiveCfg = Debug|Any CPU
		{19EC16BA-0C03-4A3A-BEBE-5A451F1BC91C}.Debug|Any CPU.Build.0 = Debug|Any CPU
		{19EC16BA-0C03-4A3A-BEBE-5A451F1BC91C}.Release|Any CPU.ActiveCfg = Release|Any CPU
		{19EC16BA-0C03-4A3A-BEBE-5A451F1BC91C}.Release|Any CPU.Build.0 = Release|Any CPU
	EndGlobalSection
	GlobalSection(SolutionProperties) = preSolution
		HideSolutionNode = FALSE
	EndGlobalSection
	GlobalSection(ExtensibilityGlobals) = postSolution
		SolutionGuid = {1B1A15F9-045A-4104-8F38-A712402D6C43}
	EndGlobalSection
EndGlobal
