
Microsoft Visual Studio Solution File, Format Version 12.00
# Visual Studio Version 17
VisualStudioVersion = 17.2.32630.192
MinimumVisualStudioVersion = 10.0.40219.1
Project("{9A19103F-16F7-4668-BE54-9A1E7A4F7556}") = "PokerHand", "PokerHand\PokerHand.csproj", "{BD2CDB94-5230-47FF-9610-62455A8A7487}"
EndProject
Project("{2150E333-8FDC-42A3-9474-1A3956D46DE8}") = "Solution Items", "Solution Items", "{75C6D8F2-4C89-45FD-ACD6-13CB2E380114}"
	ProjectSection(SolutionItems) = preProject
		.editorconfig = .editorconfig
	EndProjectSection
EndProject
Global
	GlobalSection(SolutionConfigurationPlatforms) = preSolution
		Debug|Any CPU = Debug|Any CPU
		Release|Any CPU = Release|Any CPU
	EndGlobalSection
	GlobalSection(ProjectConfigurationPlatforms) = postSolution
		{BD2CDB94-5230-47FF-9610-62455A8A7487}.Debug|Any CPU.ActiveCfg = Debug|Any CPU
		{BD2CDB94-5230-47FF-9610-62455A8A7487}.Debug|Any CPU.Build.0 = Debug|Any CPU
		{BD2CDB94-5230-47FF-9610-62455A8A7487}.Release|Any CPU.ActiveCfg = Release|Any CPU
		{BD2CDB94-5230-47FF-9610-62455A8A7487}.Release|Any CPU.Build.0 = Release|Any CPU
	EndGlobalSection
	GlobalSection(SolutionProperties) = preSolution
		HideSolutionNode = FALSE
	EndGlobalSection
	GlobalSection(ExtensibilityGlobals) = postSolution
		SolutionGuid = {CE6A941F-8E84-43F0-BB90-37C490373585}
	EndGlobalSection
EndGlobal
