
Microsoft Visual Studio Solution File, Format Version 12.00
# Visual Studio Version 16
VisualStudioVersion = 16.0.32510.428
MinimumVisualStudioVersion = 10.0.40219.1
Project("{FAE04EC0-301F-11D3-BF4B-00C04F79EFBC}") = "ConsoleApp3", "ConsoleApp3\ConsoleApp3.csproj", "{1DF68375-0FC8-422C-938F-C8EB6847981C}"
EndProject
Global
	GlobalSection(SolutionConfigurationPlatforms) = preSolution
		Debug|Any CPU = Debug|Any CPU
		Release|Any CPU = Release|Any CPU
	EndGlobalSection
	GlobalSection(ProjectConfigurationPlatforms) = postSolution
		{1DF68375-0FC8-422C-938F-C8EB6847981C}.Debug|Any CPU.ActiveCfg = Debug|Any CPU
		{1DF68375-0FC8-422C-938F-C8EB6847981C}.Debug|Any CPU.Build.0 = Debug|Any CPU
		{1DF68375-0FC8-422C-938F-C8EB6847981C}.Release|Any CPU.ActiveCfg = Release|Any CPU
		{1DF68375-0FC8-422C-938F-C8EB6847981C}.Release|Any CPU.Build.0 = Release|Any CPU
	EndGlobalSection
	GlobalSection(SolutionProperties) = preSolution
		HideSolutionNode = FALSE
	EndGlobalSection
	GlobalSection(ExtensibilityGlobals) = postSolution
		SolutionGuid = {C0FDB807-303A-4F6D-AB96-7E1DD562A43A}
	EndGlobalSection
EndGlobal
