
Microsoft Visual Studio Solution File, Format Version 12.00
# Visual Studio Version 17
VisualStudioVersion = 17.2.32630.192
MinimumVisualStudioVersion = 10.0.40219.1
Project("{FAE04EC0-301F-11D3-BF4B-00C04F79EFBC}") = "ConsoleApp4", "ConsoleApp4\ConsoleApp4.csproj", "{EFD2D35D-C7F0-40D0-9273-A229F9ABFAC8}"
EndProject
Global
	GlobalSection(SolutionConfigurationPlatforms) = preSolution
		Debug|Any CPU = Debug|Any CPU
		Release|Any CPU = Release|Any CPU
	EndGlobalSection
	GlobalSection(ProjectConfigurationPlatforms) = postSolution
		{EFD2D35D-C7F0-40D0-9273-A229F9ABFAC8}.Debug|Any CPU.ActiveCfg = Debug|Any CPU
		{EFD2D35D-C7F0-40D0-9273-A229F9ABFAC8}.Debug|Any CPU.Build.0 = Debug|Any CPU
		{EFD2D35D-C7F0-40D0-9273-A229F9ABFAC8}.Release|Any CPU.ActiveCfg = Release|Any CPU
		{EFD2D35D-C7F0-40D0-9273-A229F9ABFAC8}.Release|Any CPU.Build.0 = Release|Any CPU
	EndGlobalSection
	GlobalSection(SolutionProperties) = preSolution
		HideSolutionNode = FALSE
	EndGlobalSection
	GlobalSection(ExtensibilityGlobals) = postSolution
		SolutionGuid = {F6F30559-FFE9-482F-9DE5-9563B7D30F4E}
	EndGlobalSection
EndGlobal
